PODS:
  - Alamofire (5.3.0)
  - Cosmos (23.0.0)
  - CropViewController (2.5.5)
  - CRRefresh (1.1.3)
  - DiffableDataSources (0.4.0):
    - DifferenceKit/AppKitExtension (~> 1.1)
    - DifferenceKit/UIKitExtension (~> 1.1)
  - DifferenceKit/Core (1.1.5)
  - DifferenceKit/UIKitExtension (1.1.5):
    - DifferenceKit/Core
  - FaveButton (3.2.1)
  - Firebase/Analytics (7.3.0):
    - Firebase/Core
  - Firebase/Core (7.3.0):
    - Firebase/CoreOnly
    - FirebaseAnalytics (= 7.3.0)
  - Firebase/CoreOnly (7.3.0):
    - FirebaseCore (= 7.3.0)
  - FirebaseAnalytics (7.3.0):
    - FirebaseCore (~> 7.0)
    - FirebaseInstallations (~> 7.0)
    - GoogleAppMeasurement (= 7.3.0)
    - GoogleUtilities/AppDelegateSwizzler (~> 7.0)
    - GoogleUtilities/MethodSwizzler (~> 7.0)
    - GoogleUtilities/Network (~> 7.0)
    - "GoogleUtilities/NSData+zlib (~> 7.0)"
    - nanopb (~> 2.30906.0)
  - FirebaseCore (7.3.0):
    - FirebaseCoreDiagnostics (~> 7.0)
    - GoogleUtilities/Environment (~> 7.0)
    - GoogleUtilities/Logger (~> 7.0)
  - FirebaseCoreDiagnostics (7.3.0):
    - GoogleDataTransport (~> 8.0)
    - GoogleUtilities/Environment (~> 7.0)
    - GoogleUtilities/Logger (~> 7.0)
    - nanopb (~> 2.30906.0)
  - FirebaseInstallations (7.3.0):
    - FirebaseCore (~> 7.0)
    - GoogleUtilities/Environment (~> 7.0)
    - GoogleUtilities/UserDefaults (~> 7.0)
    - PromisesObjC (~> 1.2)
  - FittedSheets (1.4.6)
  - GoogleAppMeasurement (7.3.0):
    - GoogleUtilities/AppDelegateSwizzler (~> 7.0)
    - GoogleUtilities/MethodSwizzler (~> 7.0)
    - GoogleUtilities/Network (~> 7.0)
    - "GoogleUtilities/NSData+zlib (~> 7.0)"
    - nanopb (~> 2.30906.0)
  - GoogleDataTransport (8.1.0):
    - nanopb (~> 2.30906.0)
  - GoogleMaps (4.0.0):
    - GoogleMaps/Maps (= 4.0.0)
  - GoogleMaps/Base (4.0.0)
  - GoogleMaps/Maps (4.0.0):
    - GoogleMaps/Base
  - GooglePlaces (4.0.0):
    - GoogleMaps/Base (= 4.0.0)
  - GoogleUtilities/AppDelegateSwizzler (7.1.1):
    - GoogleUtilities/Environment
    - GoogleUtilities/Logger
    - GoogleUtilities/Network
  - GoogleUtilities/Environment (7.1.1):
    - PromisesObjC (~> 1.2)
  - GoogleUtilities/Logger (7.1.1):
    - GoogleUtilities/Environment
  - GoogleUtilities/MethodSwizzler (7.1.1):
    - GoogleUtilities/Logger
  - GoogleUtilities/Network (7.1.1):
    - GoogleUtilities/Logger
    - "GoogleUtilities/NSData+zlib"
    - GoogleUtilities/Reachability
  - "GoogleUtilities/NSData+zlib (7.1.1)"
  - GoogleUtilities/Reachability (7.1.1):
    - GoogleUtilities/Logger
  - GoogleUtilities/UserDefaults (7.1.1):
    - GoogleUtilities/Logger
  - ImageSlideshow (1.9.1):
    - ImageSlideshow/Core (= 1.9.1)
  - ImageSlideshow/Core (1.9.1)
  - ImageSlideshow/SDWebImage (1.9.1):
    - ImageSlideshow/Core
    - SDWebImage (>= 3.7)
  - IQKeyboardManagerSwift (6.5.6)
  - libPhoneNumber-iOS (0.9.15)
  - nanopb (2.30906.0):
    - nanopb/decode (= 2.30906.0)
    - nanopb/encode (= 2.30906.0)
  - nanopb/decode (2.30906.0)
  - nanopb/encode (2.30906.0)
  - NVActivityIndicatorView (5.1.1):
    - NVActivityIndicatorView/Base (= 5.1.1)
  - NVActivityIndicatorView/Base (5.1.1)
  - PanModal (1.2.7)
  - PromisesObjC (1.2.11)
  - QuickLayout (3.0.0)
  - SDWebImage (5.9.4):
    - SDWebImage/Core (= 5.9.4)
  - SDWebImage/Core (5.9.4)
  - SkeletonView (1.8.2)
  - SwiftEntryKit (1.2.6):
    - QuickLayout (= 3.0.0)
  - SwiftMessages (7.0.1):
    - SwiftMessages/App (= 7.0.1)
  - SwiftMessages/App (7.0.1)
  - SwiftSVG (2.3.2)
  - SwiftyJSON (4.3.0)

DEPENDENCIES:
  - Alamofire
  - Cosmos
  - CropViewController
  - CRRefresh
  - DiffableDataSources
  - FaveButton
  - Firebase/Analytics
  - FittedSheets (~> 1.4.5)
  - GoogleMaps
  - GooglePlaces
  - ImageSlideshow (~> 1.9.1)
  - ImageSlideshow/SDWebImage
  - IQKeyboardManagerSwift
  - libPhoneNumber-iOS (~> 0.8)
  - NVActivityIndicatorView
  - PanModal
  - QuickLayout (= 3.0.0)
  - SDWebImage
  - SkeletonView (= 1.8.2)
  - SwiftEntryKit (= 1.2.6)
  - SwiftMessages (~> 7.0.0)
  - SwiftSVG (~> 2.0)
  - SwiftyJSON (~> 4.0)

SPEC REPOS:
  trunk:
    - Alamofire
    - Cosmos
    - CropViewController
    - CRRefresh
    - DiffableDataSources
    - DifferenceKit
    - FaveButton
    - Firebase
    - FirebaseAnalytics
    - FirebaseCore
    - FirebaseCoreDiagnostics
    - FirebaseInstallations
    - FittedSheets
    - GoogleAppMeasurement
    - GoogleDataTransport
    - GoogleMaps
    - GooglePlaces
    - GoogleUtilities
    - ImageSlideshow
    - IQKeyboardManagerSwift
    - libPhoneNumber-iOS
    - nanopb
    - NVActivityIndicatorView
    - PanModal
    - PromisesObjC
    - QuickLayout
    - SDWebImage
    - SkeletonView
    - SwiftEntryKit
    - SwiftMessages
    - SwiftSVG
    - SwiftyJSON

SPEC CHECKSUMS:
  Alamofire: 2c792affbdc2f18016e08fdbcacd60aebe1ba593
  Cosmos: b5c6a9a637e28a061b54c8f8b1d8529d7d4db73f
  CropViewController: bd3ff11eeeaadc1e267bb9c3f3e9ee67a52d3285
  CRRefresh: 1415d4ae06837fa7bb064c44f2e102f3ef517044
  DiffableDataSources: 80396cec405c9b29e1e07b55c9be7d11b46c8741
  DifferenceKit: 516f12e336ed65a3a0665847b5c3cb5cad4bd4ea
  FaveButton: 93cfebf6030336fa7653fad2068c3152ed668b39
  Firebase: 26223c695fe322633274198cb19dca8cb7e54416
  FirebaseAnalytics: 2580c2d62535ae7b644143d48941fcc239ea897a
  FirebaseCore: 4d3c72622ce0e2106aaa07bb4b2935ba2c370972
  FirebaseCoreDiagnostics: d50e11039e5984d92c8a512be2395f13df747350
  FirebaseInstallations: 971df89b48ae5ee4cc2bf6935f3857a525d28550
  FittedSheets: 7f37fee2567d15dcde391f31eccbffb660ddebf0
  GoogleAppMeasurement: 8d3c0aeede16ab7764144b5a4ca8e1d4323841b7
  GoogleDataTransport: 116c84c4bdeb76be2a7a46de51244368f9794eab
  GoogleMaps: b7f7fc569a9b354a3af0d9729dbec40957b7d41e
  GooglePlaces: ca8d4aba09ba79e0a829cf1dca03a41de6a09016
  GoogleUtilities: 3dc4ff0d5e4840e2fa8eef0889620e8c33d4218c
  ImageSlideshow: 67184be896a28472bd3b906c33ce4e0734aa3d22
  IQKeyboardManagerSwift: c7df9d2deb356c04522f5c4b7b6e4ce4d8ed94fe
  libPhoneNumber-iOS: 0a32a9525cf8744fe02c5206eb30d571e38f7d75
  nanopb: 1bf24dd71191072e120b83dd02d08f3da0d65e53
  NVActivityIndicatorView: 1f6c5687f1171810aa27a3296814dc2d7dec3667
  PanModal: 3e16ead1a907fb06f4df3f13492fd00149fa4974
  PromisesObjC: 8c196f5a328c2cba3e74624585467a557dcb482f
  QuickLayout: 07b45a72b10083fee3f095990cfed1c1e7b27f0a
  SDWebImage: b69257f4ab14e9b6a2ef53e910fdf914d8f757c1
  SkeletonView: bb27c39857e5492136f02ee8a3aa78de55d12ecd
  SwiftEntryKit: 96a2fa90b2631bbbfac50d18449e9ca3d0635f13
  SwiftMessages: b577dc7043be8b299857ab35bb663dbff6483bd0
  SwiftSVG: ca7f64e403b8ea7ea8eba8c823b83ba4a059834c
  SwiftyJSON: 6faa0040f8b59dead0ee07436cbf76b73c08fd08

PODFILE CHECKSUM: a26ffe285f5254acaf68f6b34677e69170db0473

COCOAPODS: 1.9.3
